# This file is autogenerated, do not edit; changes may be undone by the next 'dep ensure'.


[[projects]]
  digest = "1:41d7f0a1a50ed7c669a211285cc36780023ae019c043166a25cba66613dbb48b"
  name = "github.com/aws/aws-lambda-go"
  packages = [
    "events",
    "lambda",
    "lambda/messages",
    "lambdacontext",
  ]
  pruneopts = ""
  revision = "6e2e37798efbb1dfd8e9c6681702e683a6046517"
  version = "v1.0.1"

[[projects]]
  digest = "1:413443b87e4881a8c9f9b64bca9ed7d96458466f9654aef3b3813e1714f0ef4f"
  name = "github.com/aws/aws-sdk-go"
  packages = [
    "aws",
    "aws/awserr",
    "aws/awsutil",
    "aws/client",
    "aws/client/metadata",
    "aws/corehandlers",
    "aws/credentials",
    "aws/credentials/ec2rolecreds",
    "aws/credentials/endpointcreds",
    "aws/credentials/stscreds",
    "aws/csm",
    "aws/defaults",
    "aws/ec2metadata",
    "aws/endpoints",
    "aws/request",
    "aws/session",
    "aws/signer/v4",
    "internal/sdkio",
    "internal/sdkrand",
    "internal/shareddefaults",
    "private/protocol",
    "private/protocol/eventstream",
    "private/protocol/eventstream/eventstreamapi",
    "private/protocol/query",
    "private/protocol/query/queryutil",
    "private/protocol/rest",
    "private/protocol/restxml",
    "private/protocol/xml/xmlutil",
    "service/s3",
    "service/s3/s3iface",
    "service/s3/s3manager",
    "service/sts",
  ]
  pruneopts = ""
  revision = "bfc1a07cf158c30c41a3eefba8aae043d0bb5bff"
  version = "v1.14.8"

[[projects]]
  digest = "1:f7c22bf37088211029335cd4d356774eeca0db1af4448e5b8178386090f98dfb"
  name = "github.com/go-ini/ini"
  packages = ["."]
  pruneopts = ""
  revision = "06f5f3d67269ccec1fe5fe4134ba6e982984f7f5"
  version = "v1.37.0"

[[projects]]
  digest = "1:4f767a115bc8e08576f6d38ab73c376fc1b1cd3bb5041171c9e8668cc7739b52"
  name = "github.com/jmespath/go-jmespath"
  packages = ["."]
  pruneopts = ""
  revision = "0b12d6b5"

[[projects]]
  digest = "1:dad94a3d74862778314e0ef5f5e7d8dac64931bd5b5823b192b0fb043507e016"
  name = "github.com/mattn/go-sqlite3"
  packages = ["."]
  pruneopts = ""
  revision = "25ecb14adfc7543176f7d85291ec7dba82c6f7e4"
  version = "v1.9.0"

[[projects]]
  branch = "v1"
  digest = "1:0ab9820bc2f3ef99c691141ed1c1367faf60415dffbbc6e7c815c384d9974c52"
  name = "olympos.io/encoding/edn"
  packages = ["."]
  pruneopts = ""
  revision = "22e499fb286c5874d0fe5f31a30dc960c77b85a3"

[solve-meta]
  analyzer-name = "dep"
  analyzer-version = 1
  input-imports = [
    "github.com/aws/aws-lambda-go/events",
    "github.com/aws/aws-lambda-go/lambda",
    "github.com/aws/aws-sdk-go/aws",
    "github.com/aws/aws-sdk-go/aws/session",
    "github.com/aws/aws-sdk-go/service/s3",
    "github.com/aws/aws-sdk-go/service/s3/s3manager",
    "github.com/mattn/go-sqlite3",
    "olympos.io/encoding/edn",
  ]
  solver-name = "gps-cdcl"
  solver-version = 1
